Microsoft Visual Studio Solution File, Format Version 11.00
# Visual Studio 2008

Project("{3F1ECA63-B602-2130-9EF1-2C83472C55D6}") = "qiuqiulovestar", "Assembly-CSharp.csproj", "{AB360C44-A359-C79D-A40E-14F697B6F756}"
EndProject
Global
	GlobalSection(SolutionConfigurationPlatforms) = preSolution
		Debug|Any CPU = Debug|Any CPU
		Release|Any CPU = Release|Any CPU
	EndGlobalSection
	GlobalSection(ProjectConfigurationPlatforms) = postSolution
		{AB360C44-A359-C79D-A40E-14F697B6F756}.Debug|Any CPU.ActiveCfg = Debug|Any CPU
		{AB360C44-A359-C79D-A40E-14F697B6F756}.Debug|Any CPU.Build.0 = Debug|Any CPU
		{AB360C44-A359-C79D-A40E-14F697B6F756}.Release|Any CPU.ActiveCfg = Release|Any CPU
		{AB360C44-A359-C79D-A40E-14F697B6F756}.Release|Any CPU.Build.0 = Release|Any CPU
	EndGlobalSection
	GlobalSection(SolutionProperties) = preSolution
		HideSolutionNode = FALSE
	EndGlobalSection
	GlobalSection(MonoDevelopProperties) = preSolution
		StartupItem = Assembly-CSharp.csproj
	EndGlobalSection
EndGlobal
